<?xml version="1.0" encoding="utf-8"?>
<Project ToolsVersion="4.0" xmlns="http://schemas.microsoft.com/developer/msbuild/2003">
  <ItemGroup>
    <Filter Include="Source Files">
      <UniqueIdentifier>{4FC737F1-C7A5-4376-A066-2A32D752A2FF}</UniqueIdentifier>
      <Extensions>cpp;c;cc;cxx;def;odl;idl;hpj;bat;asm;asmx</Extensions>
    </Filter>
    <Filter Include="Header Files">
      <UniqueIdentifier>{93995380-89BD-4b04-88EB-625FBE52EBFB}</UniqueIdentifier>
      <Extensions>h;hpp;hxx;hm;inl;inc;xsd</Extensions>
    </Filter>
    <Filter Include="Resource Files">
      <UniqueIdentifier>{67DA6AB6-F800-4c08-8B7A-83BB121AAD01}</UniqueIdentifier>
      <Extensions>rc;ico;cur;bmp;dlg;rc2;rct;bin;rgs;gif;jpg;jpeg;jpe;resx;tiff;tif;png;wav;mfcribbon-ms</Extensions>
    </Filter>
    <Filter Include="Header Files\Enum Class Headers">
      <UniqueIdentifier>{69fe6b12-d944-4f5c-ad69-18d0923edc3d}</UniqueIdentifier>
    </Filter>
    <Filter Include="Header Files\Struct Headers">
      <UniqueIdentifier>{3200687a-8136-4710-a174-4e5ed2b4083f}</UniqueIdentifier>
    </Filter>
    <Filter Include="Header Files\Component Class Headers">
      <UniqueIdentifier>{2b753da4-946f-4b9d-9265-863f92f1610f}</UniqueIdentifier>
    </Filter>
    <Filter Include="Source Files\Component Class Source Files">
      <UniqueIdentifier>{a2754add-91d5-4d1e-9020-65550444c583}</UniqueIdentifier>
    </Filter>
    <Filter Include="Header Files\Entity Headers">
      <UniqueIdentifier>{64589366-34b4-45b7-a165-38a00dbb1e86}</UniqueIdentifier>
    </Filter>
    <Filter Include="Source Files\Entity Source Files">
      <UniqueIdentifier>{31ac2075-344b-4bc5-83da-1f18e87ef026}</UniqueIdentifier>
    </Filter>
    <Filter Include="Source Files\Player State Source Files">
      <UniqueIdentifier>{b7873fdf-0ddc-46bf-af76-beb1a9f1d048}</UniqueIdentifier>
    </Filter>
    <Filter Include="Header Files\Player State Headers">
      <UniqueIdentifier>{56522169-f370-4fbd-b23c-e0247b49ff18}</UniqueIdentifier>
    </Filter>
  </ItemGroup>
  <ItemGroup>
    <ClCompile Include="main.cpp">
      <Filter>Source Files</Filter>
    </ClCompile>
    <ClCompile Include="GameWindow.cpp">
      <Filter>Source Files</Filter>
    </ClCompile>
    <ClCompile Include="GameObject.cpp">
      <Filter>Source Files</Filter>
    </ClCompile>
    <ClCompile Include="Errors.cpp">
      <Filter>Source Files</Filter>
    </ClCompile>
    <ClCompile Include="MainGame.cpp">
      <Filter>Source Files</Filter>
    </ClCompile>
    <ClCompile Include="MusicPlayer.cpp">
      <Filter>Source Files</Filter>
    </ClCompile>
    <ClCompile Include="InitSystems.cpp">
      <Filter>Source Files</Filter>
    </ClCompile>
    <ClCompile Include="Camera.cpp">
      <Filter>Source Files</Filter>
    </ClCompile>
    <ClCompile Include="SpriteSheet.cpp">
      <Filter>Source Files</Filter>
    </ClCompile>
    <ClCompile Include="Level.cpp">
      <Filter>Source Files</Filter>
    </ClCompile>
    <ClCompile Include="ColliderComponent.cpp">
      <Filter>Source Files\Component Class Source Files</Filter>
    </ClCompile>
    <ClCompile Include="DamageComponent.cpp">
      <Filter>Source Files\Component Class Source Files</Filter>
    </ClCompile>
    <ClCompile Include="HealthComponent.cpp">
      <Filter>Source Files\Component Class Source Files</Filter>
    </ClCompile>
    <ClCompile Include="PhysicsComponent.cpp">
      <Filter>Source Files\Component Class Source Files</Filter>
    </ClCompile>
    <ClCompile Include="Enemy.cpp">
      <Filter>Source Files\Entity Source Files</Filter>
    </ClCompile>
    <ClCompile Include="Player.cpp">
      <Filter>Source Files\Entity Source Files</Filter>
    </ClCompile>
    <ClCompile Include="PlayerProjectile.cpp">
      <Filter>Source Files\Entity Source Files</Filter>
    </ClCompile>
    <ClCompile Include="Tile.cpp">
      <Filter>Source Files\Entity Source Files</Filter>
    </ClCompile>
    <ClCompile Include="Pickup.cpp">
      <Filter>Source Files\Entity Source Files</Filter>
    </ClCompile>
    <ClCompile Include="SpritesheetInfoReader.cpp">
      <Filter>Source Files</Filter>
    </ClCompile>
    <ClCompile Include="LevelLoader.cpp">
      <Filter>Source Files</Filter>
    </ClCompile>
    <ClCompile Include="AnimationRenderer.cpp">
      <Filter>Source Files\Component Class Source Files</Filter>
    </ClCompile>
    <ClCompile Include="EnemyBuilder.cpp">
      <Filter>Source Files</Filter>
    </ClCompile>
    <ClCompile Include="LevelMap.cpp">
      <Filter>Source Files</Filter>
    </ClCompile>
    <ClCompile Include="SpriteRenderer.cpp">
      <Filter>Source Files\Component Class Source Files</Filter>
    </ClCompile>
    <ClCompile Include="TextureSheet.cpp">
      <Filter>Source Files</Filter>
    </ClCompile>
    <ClCompile Include="TileCreator.cpp">
      <Filter>Source Files</Filter>
    </ClCompile>
    <ClCompile Include="Path.cpp">
      <Filter>Source Files</Filter>
    </ClCompile>
    <ClCompile Include="TextureLoader.cpp">
      <Filter>Source Files</Filter>
    </ClCompile>
    <ClCompile Include="Log.cpp">
      <Filter>Source Files</Filter>
    </ClCompile>
    <ClCompile Include="WalkingState.cpp">
      <Filter>Source Files\Player State Source Files</Filter>
    </ClCompile>
    <ClCompile Include="FlyingState.cpp">
      <Filter>Source Files\Player State Source Files</Filter>
    </ClCompile>
    <ClCompile Include="AirborneState.cpp">
      <Filter>Source Files\Player State Source Files</Filter>
    </ClCompile>
    <ClCompile Include="CircleMath.cpp">
      <Filter>Source Files</Filter>
    </ClCompile>
    <ClCompile Include="BasicEnemyMovementComponent.cpp">
      <Filter>Source Files\Component Class Source Files</Filter>
    </ClCompile>
    <ClCompile Include="RNG.cpp">
      <Filter>Source Files</Filter>
    </ClCompile>
    <ClCompile Include="RandomJumperComponent.cpp">
      <Filter>Source Files</Filter>
    </ClCompile>
    <ClCompile Include="LevelManager.cpp">
      <Filter>Source Files</Filter>
    </ClCompile>
    <ClCompile Include="TileBuilder.cpp">
      <Filter>Source Files</Filter>
    </ClCompile>
  </ItemGroup>
  <ItemGroup>
    <ClInclude Include="GameWindow.h">
      <Filter>Header Files</Filter>
    </ClInclude>
    <ClInclude Include="GameObject.h">
      <Filter>Header Files</Filter>
    </ClInclude>
    <ClInclude Include="Errors.h">
      <Filter>Header Files</Filter>
    </ClInclude>
    <ClInclude Include="MainGame.h">
      <Filter>Header Files</Filter>
    </ClInclude>
    <ClInclude Include="MusicPlayer.h">
      <Filter>Header Files</Filter>
    </ClInclude>
    <ClInclude Include="InitSystems.h">
      <Filter>Header Files</Filter>
    </ClInclude>
    <ClInclude Include="Camera.h">
      <Filter>Header Files</Filter>
    </ClInclude>
    <ClInclude Include="SpriteSheet.h">
      <Filter>Header Files</Filter>
    </ClInclude>
    <ClInclude Include="Level.h">
      <Filter>Header Files</Filter>
    </ClInclude>
    <ClInclude Include="Direction.h">
      <Filter>Header Files\Enum Class Headers</Filter>
    </ClInclude>
    <ClInclude Include="Axis.h">
      <Filter>Header Files\Enum Class Headers</Filter>
    </ClInclude>
    <ClInclude Include="Point.h">
      <Filter>Header Files\Struct Headers</Filter>
    </ClInclude>
    <ClInclude Include="ColliderComponent.h">
      <Filter>Header Files\Component Class Headers</Filter>
    </ClInclude>
    <ClInclude Include="DamageComponent.h">
      <Filter>Header Files\Component Class Headers</Filter>
    </ClInclude>
    <ClInclude Include="HealthComponent.h">
      <Filter>Header Files\Component Class Headers</Filter>
    </ClInclude>
    <ClInclude Include="PhysicsComponent.h">
      <Filter>Header Files\Component Class Headers</Filter>
    </ClInclude>
    <ClInclude Include="Component.h">
      <Filter>Header Files\Component Class Headers</Filter>
    </ClInclude>
    <ClInclude Include="EntityType.h">
      <Filter>Header Files\Enum Class Headers</Filter>
    </ClInclude>
    <ClInclude Include="Player.h">
      <Filter>Header Files\Entity Headers</Filter>
    </ClInclude>
    <ClInclude Include="PlayerProjectile.h">
      <Filter>Header Files\Entity Headers</Filter>
    </ClInclude>
    <ClInclude Include="Tile.h">
      <Filter>Header Files\Entity Headers</Filter>
    </ClInclude>
    <ClInclude Include="Enemy.h">
      <Filter>Header Files\Entity Headers</Filter>
    </ClInclude>
    <ClInclude Include="Pickup.h">
      <Filter>Header Files\Entity Headers</Filter>
    </ClInclude>
    <ClInclude Include="SpritesheetInfo.h">
      <Filter>Header Files\Struct Headers</Filter>
    </ClInclude>
    <ClInclude Include="SpritesheetInfoReader.h">
      <Filter>Header Files</Filter>
    </ClInclude>
    <ClInclude Include="LevelLoader.h">
      <Filter>Header Files</Filter>
    </ClInclude>
    <ClInclude Include="TileArrangement.h">
      <Filter>Header Files\Struct Headers</Filter>
    </ClInclude>
    <ClInclude Include="AnimationRenderer.h">
      <Filter>Header Files\Component Class Headers</Filter>
    </ClInclude>
    <ClInclude Include="RenderComponent.h">
      <Filter>Header Files\Component Class Headers</Filter>
    </ClInclude>
    <ClInclude Include="EnemyBuilder.h">
      <Filter>Header Files</Filter>
    </ClInclude>
    <ClInclude Include="Block.h">
      <Filter>Header Files\Struct Headers</Filter>
    </ClInclude>
    <ClInclude Include="LevelMap.h">
      <Filter>Header Files</Filter>
    </ClInclude>
    <ClInclude Include="GameConstants.h">
      <Filter>Header Files</Filter>
    </ClInclude>
    <ClInclude Include="SpriteRenderer.h">
      <Filter>Header Files\Component Class Headers</Filter>
    </ClInclude>
    <ClInclude Include="TextureSheet.h">
      <Filter>Header Files</Filter>
    </ClInclude>
    <ClInclude Include="TileCreator.h">
      <Filter>Header Files</Filter>
    </ClInclude>
    <ClInclude Include="Path.h">
      <Filter>Header Files</Filter>
    </ClInclude>
    <ClInclude Include="TextureLoader.h">
      <Filter>Header Files</Filter>
    </ClInclude>
    <ClInclude Include="Log.h">
      <Filter>Header Files</Filter>
    </ClInclude>
    <ClInclude Include="CollisionInfo.h">
      <Filter>Header Files\Struct Headers</Filter>
    </ClInclude>
    <ClInclude Include="TileType.h">
      <Filter>Header Files\Enum Class Headers</Filter>
    </ClInclude>
    <ClInclude Include="AirborneState.h">
      <Filter>Header Files\Player State Headers</Filter>
    </ClInclude>
    <ClInclude Include="WalkingState.h">
      <Filter>Header Files\Player State Headers</Filter>
    </ClInclude>
    <ClInclude Include="PlayerState.h">
      <Filter>Header Files\Player State Headers</Filter>
    </ClInclude>
    <ClInclude Include="TestPlayerStates.h">
      <Filter>Header Files\Player State Headers</Filter>
    </ClInclude>
    <ClInclude Include="FlyingState.h">
      <Filter>Header Files\Player State Headers</Filter>
    </ClInclude>
    <ClInclude Include="Controls.h">
      <Filter>Header Files</Filter>
    </ClInclude>
    <ClInclude Include="CircleMath.h">
      <Filter>Header Files</Filter>
    </ClInclude>
    <ClInclude Include="BasicEnemyMovementComponent.h">
      <Filter>Header Files\Component Class Headers</Filter>
    </ClInclude>
    <ClInclude Include="AIComponent.h">
      <Filter>Header Files\Component Class Headers</Filter>
    </ClInclude>
    <ClInclude Include="RNG.h">
      <Filter>Header Files</Filter>
    </ClInclude>
    <ClInclude Include="RandomJumperComponent.h">
      <Filter>Header Files\Component Class Headers</Filter>
    </ClInclude>
    <ClInclude Include="LevelManager.h">
      <Filter>Header Files</Filter>
    </ClInclude>
    <ClInclude Include="TileBuilder.h">
      <Filter>Header Files</Filter>
    </ClInclude>
  </ItemGroup>
</Project>