<?xml version="1.0" encoding="utf-8"?>
<Project ToolsVersion="4.0" xmlns="http://schemas.microsoft.com/developer/msbuild/2003">
  <ItemGroup>
    <Filter Include="Source Files">
      <UniqueIdentifier>{4FC737F1-C7A5-4376-A066-2A32D752A2FF}</UniqueIdentifier>
      <Extensions>cpp;c;cc;cxx;def;odl;idl;hpj;bat;asm;asmx</Extensions>
    </Filter>
    <Filter Include="Header Files">
      <UniqueIdentifier>{93995380-89BD-4b04-88EB-625FBE52EBFB}</UniqueIdentifier>
      <Extensions>h;hpp;hxx;hm;inl;inc;xsd</Extensions>
    </Filter>
    <Filter Include="Resource Files">
      <UniqueIdentifier>{67DA6AB6-F800-4c08-8B7A-83BB121AAD01}</UniqueIdentifier>
      <Extensions>rc;ico;cur;bmp;dlg;rc2;rct;bin;rgs;gif;jpg;jpeg;jpe;resx;tiff;tif;png;wav;mfcribbon-ms</Extensions>
    </Filter>
    <Filter Include="Header Files\Enum Class Headers">
      <UniqueIdentifier>{69fe6b12-d944-4f5c-ad69-18d0923edc3d}</UniqueIdentifier>
    </Filter>
    <Filter Include="Header Files\Struct Headers">
      <UniqueIdentifier>{3200687a-8136-4710-a174-4e5ed2b4083f}</UniqueIdentifier>
    </Filter>
    <Filter Include="Header Files\Component Class Headers">
      <UniqueIdentifier>{2b753da4-946f-4b9d-9265-863f92f1610f}</UniqueIdentifier>
    </Filter>
    <Filter Include="Source Files\Component Class Source Files">
      <UniqueIdentifier>{a2754add-91d5-4d1e-9020-65550444c583}</UniqueIdentifier>
    </Filter>
    <Filter Include="Header Files\Entity Headers">
      <UniqueIdentifier>{64589366-34b4-45b7-a165-38a00dbb1e86}</UniqueIdentifier>
    </Filter>
    <Filter Include="Source Files\Entity Source Files">
      <UniqueIdentifier>{31ac2075-344b-4bc5-83da-1f18e87ef026}</UniqueIdentifier>
    </Filter>
    <Filter Include="Source Files\Player State Source Files">
      <UniqueIdentifier>{b7873fdf-0ddc-46bf-af76-beb1a9f1d048}</UniqueIdentifier>
    </Filter>
    <Filter Include="Header Files\Player State Headers">
      <UniqueIdentifier>{56522169-f370-4fbd-b23c-e0247b49ff18}</UniqueIdentifier>
    </Filter>
    <Filter Include="Header Files\AIComponents">
      <UniqueIdentifier>{b4f48d40-ab0b-4a9e-9206-a2b4324022a6}</UniqueIdentifier>
    </Filter>
    <Filter Include="Source Files\AIComponents">
      <UniqueIdentifier>{98037ba1-b8ce-4543-bfec-b3438a7850c9}</UniqueIdentifier>
    </Filter>
  </ItemGroup>
  <ItemGroup>
    <ClCompile Include="main.cpp">
      <Filter>Source Files</Filter>
    </ClCompile>
    <ClCompile Include="GameWindow.cpp">
      <Filter>Source Files</Filter>
    </ClCompile>
    <ClCompile Include="Errors.cpp">
      <Filter>Source Files</Filter>
    </ClCompile>
    <ClCompile Include="MainGame.cpp">
      <Filter>Source Files</Filter>
    </ClCompile>
    <ClCompile Include="MusicPlayer.cpp">
      <Filter>Source Files</Filter>
    </ClCompile>
    <ClCompile Include="InitSystems.cpp">
      <Filter>Source Files</Filter>
    </ClCompile>
    <ClCompile Include="Camera.cpp">
      <Filter>Source Files</Filter>
    </ClCompile>
    <ClCompile Include="DamageComponent.cpp">
      <Filter>Source Files\Component Class Source Files</Filter>
    </ClCompile>
    <ClCompile Include="HealthComponent.cpp">
      <Filter>Source Files\Component Class Source Files</Filter>
    </ClCompile>
    <ClCompile Include="Path.cpp">
      <Filter>Source Files</Filter>
    </ClCompile>
    <ClCompile Include="Log.cpp">
      <Filter>Source Files</Filter>
    </ClCompile>
    <ClCompile Include="CircleMath.cpp">
      <Filter>Source Files</Filter>
    </ClCompile>
    <ClCompile Include="RNG.cpp">
      <Filter>Source Files</Filter>
    </ClCompile>
    <ClCompile Include="GameOverException.cpp">
      <Filter>Source Files</Filter>
    </ClCompile>
    <ClCompile Include="DieOnCollision.cpp">
      <Filter>Source Files\Component Class Source Files</Filter>
    </ClCompile>
    <ClCompile Include="ScrollingSpriteRenderer.cpp">
      <Filter>Source Files</Filter>
    </ClCompile>
    <ClCompile Include="Resources\Resources.cpp">
    </ClCompile>
    <ClCompile Include="LiftComponent.cpp">
      <Filter>Source Files</Filter>
    </ClCompile>
    <ClCompile Include="Resources\TextureLoader.cpp">
      <Filter>Source Files</Filter>
    </ClCompile>
    <ClCompile Include="Resources\SpriteSheet.cpp">
      <Filter>Source Files</Filter>
    </ClCompile>
    <ClCompile Include="Components\Render\SpriteRenderer.cpp">
      <Filter>Source Files</Filter>
    </ClCompile>
    <ClCompile Include="Components\Render\TileRenderer.cpp">
      <Filter>Source Files</Filter>
    </ClCompile>
    <ClCompile Include="Resources\SpritesheetInfoReader.cpp">
      <Filter>Source Files</Filter>
    </ClCompile>
    <ClCompile Include="Components\Render\RenderComponent.cpp">
      <Filter>Source Files\Component Class Source Files</Filter>
    </ClCompile>
    <ClCompile Include="Components\AI\AIComponent.cpp">
      <Filter>Source Files\AIComponents</Filter>
    </ClCompile>
    <ClCompile Include="Components\AI\AIjump.cpp">
      <Filter>Source Files\AIComponents</Filter>
    </ClCompile>
    <ClCompile Include="Components\AI\BasicEnemyMovementComponent.cpp">
      <Filter>Source Files\AIComponents</Filter>
    </ClCompile>
    <ClCompile Include="Components\AI\FallingAIComponent.cpp">
      <Filter>Source Files\AIComponents</Filter>
    </ClCompile>
    <ClCompile Include="Components\AI\FlyingAIComponent.cpp">
      <Filter>Source Files\AIComponents</Filter>
    </ClCompile>
    <ClCompile Include="Components\AI\PounceAIComponent.cpp">
      <Filter>Source Files\AIComponents</Filter>
    </ClCompile>
    <ClCompile Include="Components\AI\RandomJumperComponent.cpp">
      <Filter>Source Files\AIComponents</Filter>
    </ClCompile>
    <ClCompile Include="Components\AI\SnakeAIComponent.cpp" />
    <ClCompile Include="Components\AI\SwingingAIComponent.cpp">
      <Filter>Source Files</Filter>
    </ClCompile>
    <ClCompile Include="Components\AI\TrackerComponent.cpp">
      <Filter>Source Files\AIComponents</Filter>
    </ClCompile>
    <ClCompile Include="GameObject\Builders\EnemyBuilder.cpp">
      <Filter>Source Files\Entity Source Files</Filter>
    </ClCompile>
    <ClCompile Include="GameObject\Builders\GameObjectBuilder.cpp">
      <Filter>Source Files\Entity Source Files</Filter>
    </ClCompile>
    <ClCompile Include="GameObject\Builders\ItemDropBuilder.cpp">
      <Filter>Source Files\Entity Source Files</Filter>
    </ClCompile>
    <ClCompile Include="GameObject\Builders\PlayerHookBuilder.cpp">
      <Filter>Source Files</Filter>
    </ClCompile>
    <ClCompile Include="GameObject\Builders\PlayerProjectileBuilder.cpp">
      <Filter>Source Files\Entity Source Files</Filter>
    </ClCompile>
    <ClCompile Include="GameObject\Builders\TileBuilder.cpp">
      <Filter>Source Files\Entity Source Files</Filter>
    </ClCompile>
    <ClCompile Include="GameObject\GameObject.cpp">
      <Filter>Source Files\Entity Source Files</Filter>
    </ClCompile>
    <ClCompile Include="Game\GameTime.cpp">
      <Filter>Source Files</Filter>
    </ClCompile>
    <ClCompile Include="Level\LevelMap.cpp">
      <Filter>Source Files</Filter>
    </ClCompile>
    <ClCompile Include="Level\LevelManager.cpp">
      <Filter>Source Files</Filter>
    </ClCompile>
    <ClCompile Include="Level\LevelLoader.cpp">
      <Filter>Source Files</Filter>
    </ClCompile>
    <ClCompile Include="Level\Level.cpp">
      <Filter>Source Files</Filter>
    </ClCompile>
    <ClCompile Include="Components\Events\ComponentEvent.cpp">
      <Filter>Source Files</Filter>
    </ClCompile>
    <ClCompile Include="Components\Events\CollisionEvent.cpp">
      <Filter>Source Files</Filter>
    </ClCompile>
    <ClCompile Include="Components\Component.cpp">
      <Filter>Source Files\Component Class Source Files</Filter>
    </ClCompile>
    <ClCompile Include="Components\UpdatingComponent.cpp">
      <Filter>Source Files\Component Class Source Files</Filter>
    </ClCompile>
    <ClCompile Include="Components\NonUpdatingComponent.cpp">
      <Filter>Source Files\Component Class Source Files</Filter>
    </ClCompile>
    <ClCompile Include="Components\InputComponent.cpp">
      <Filter>Source Files</Filter>
    </ClCompile>
    <ClCompile Include="ComponentSystem\ComponentSubsystem.cpp">
      <Filter>Source Files</Filter>
    </ClCompile>
    <ClCompile Include="ComponentSystem\ComponentSystem.cpp">
      <Filter>Source Files</Filter>
    </ClCompile>
    <ClCompile Include="ComponentSystem\InputSystem.cpp">
      <Filter>Source Files</Filter>
    </ClCompile>
    <ClCompile Include="ComponentSystem\RenderSystem.cpp">
      <Filter>Source Files</Filter>
    </ClCompile>
    <ClCompile Include="Components\Player\LevelChangeComponent.cpp">
      <Filter>Source Files\Component Class Source Files</Filter>
    </ClCompile>
    <ClCompile Include="Components\Player\PlayerComponent.cpp">
      <Filter>Source Files\Component Class Source Files</Filter>
    </ClCompile>
    <ClCompile Include="Components\Player\PlayerControlComponent.cpp">
      <Filter>Source Files</Filter>
    </ClCompile>
    <ClCompile Include="Components\Player\Attack\AimUpState.cpp">
      <Filter>Source Files</Filter>
    </ClCompile>
    <ClCompile Include="Components\Player\Attack\DefaultAimState.cpp">
      <Filter>Source Files</Filter>
    </ClCompile>
    <ClCompile Include="Components\Player\Attack\PlayerAimState.cpp">
      <Filter>Source Files</Filter>
    </ClCompile>
    <ClCompile Include="Components\Player\Attack\PlayerAttackState.cpp">
      <Filter>Source Files\Component Class Source Files</Filter>
    </ClCompile>
    <ClCompile Include="Components\Player\Movement\AirborneState.cpp">
      <Filter>Source Files\Player State Source Files</Filter>
    </ClCompile>
    <ClCompile Include="Components\Player\Movement\FlyingState.cpp">
      <Filter>Source Files\Player State Source Files</Filter>
    </ClCompile>
    <ClCompile Include="Components\Player\Movement\PlayerMovementState.cpp">
      <Filter>Source Files\Component Class Source Files</Filter>
    </ClCompile>
    <ClCompile Include="Components\Player\Movement\WalkingState.cpp">
      <Filter>Source Files\Player State Source Files</Filter>
    </ClCompile>
    <ClCompile Include="Components\Player\Movement\StunState.cpp">
      <Filter>Source Files\Player State Source Files</Filter>
    </ClCompile>
    <ClCompile Include="Components\Player\Attack\PlayerHookState.cpp">
      <Filter>Source Files</Filter>
    </ClCompile>
    <ClCompile Include="Components\Physics\PhysicsComponent.cpp">
      <Filter>Source Files\Component Class Source Files</Filter>
    </ClCompile>
    <ClCompile Include="Components\Collider\ColliderComponent.cpp">
      <Filter>Source Files\Component Class Source Files</Filter>
    </ClCompile>
    <ClCompile Include="Components\Tile\TileComponent.cpp">
      <Filter>Source Files\Component Class Source Files</Filter>
    </ClCompile>
    <ClCompile Include="Components\ItemDrop\PickupComponent.cpp">
      <Filter>Source Files\Component Class Source Files</Filter>
    </ClCompile>
  </ItemGroup>
  <ItemGroup>
    <ClInclude Include="GameWindow.h">
      <Filter>Header Files</Filter>
    </ClInclude>
    <ClInclude Include="Errors.h">
      <Filter>Header Files</Filter>
    </ClInclude>
    <ClInclude Include="MainGame.h">
      <Filter>Header Files</Filter>
    </ClInclude>
    <ClInclude Include="MusicPlayer.h">
      <Filter>Header Files</Filter>
    </ClInclude>
    <ClInclude Include="InitSystems.h">
      <Filter>Header Files</Filter>
    </ClInclude>
    <ClInclude Include="Camera.h">
      <Filter>Header Files</Filter>
    </ClInclude>
    <ClInclude Include="Direction.h">
      <Filter>Header Files\Enum Class Headers</Filter>
    </ClInclude>
    <ClInclude Include="Axis.h">
      <Filter>Header Files\Enum Class Headers</Filter>
    </ClInclude>
    <ClInclude Include="Point.h">
      <Filter>Header Files\Struct Headers</Filter>
    </ClInclude>
    <ClInclude Include="DamageComponent.h">
      <Filter>Header Files\Component Class Headers</Filter>
    </ClInclude>
    <ClInclude Include="HealthComponent.h">
      <Filter>Header Files\Component Class Headers</Filter>
    </ClInclude>
    <ClInclude Include="Block.h">
      <Filter>Header Files\Struct Headers</Filter>
    </ClInclude>
    <ClInclude Include="Path.h">
      <Filter>Header Files</Filter>
    </ClInclude>
    <ClInclude Include="Log.h">
      <Filter>Header Files</Filter>
    </ClInclude>
    <ClInclude Include="CircleMath.h">
      <Filter>Header Files</Filter>
    </ClInclude>
    <ClInclude Include="RNG.h">
      <Filter>Header Files</Filter>
    </ClInclude>
    <ClInclude Include="GameOverException.h">
      <Filter>Header Files</Filter>
    </ClInclude>
    <ClInclude Include="DieOnCollision.h">
      <Filter>Header Files\Component Class Headers</Filter>
    </ClInclude>
    <ClInclude Include="ScrollingSpriteRenderer.h">
      <Filter>Header Files\Component Class Headers</Filter>
    </ClInclude>
    <ClInclude Include="Resources\Resources.h">
    </ClInclude>
    <ClInclude Include="LiftComponent.h">
      <Filter>Header Files</Filter>
    </ClInclude>
    <ClInclude Include="Resources\TextureLoader.h">
      <Filter>Header Files</Filter>
    </ClInclude>
    <ClInclude Include="Resources\SpriteSheet.h">
      <Filter>Header Files</Filter>
    </ClInclude>
    <ClInclude Include="Components\Render\SpriteRenderer.h">
      <Filter>Header Files</Filter>
    </ClInclude>
    <ClInclude Include="Components\Render\TileRenderer.h">
      <Filter>Header Files</Filter>
    </ClInclude>
    <ClInclude Include="Resources\SpritesheetInfoReader.h">
      <Filter>Header Files</Filter>
    </ClInclude>
    <ClInclude Include="Resources\SpritesheetInfo.h">
      <Filter>Header Files\Struct Headers</Filter>
    </ClInclude>
    <ClInclude Include="Components\Render\RenderComponent.h">
      <Filter>Header Files\Component Class Headers</Filter>
    </ClInclude>
    <ClInclude Include="Components\AI\AIComponent.h">
      <Filter>Header Files\AIComponents</Filter>
    </ClInclude>
    <ClInclude Include="Components\AI\AIjump.h">
      <Filter>Header Files\AIComponents</Filter>
    </ClInclude>
    <ClInclude Include="Components\AI\BasicEnemyMovementComponent.h">
      <Filter>Header Files\AIComponents</Filter>
    </ClInclude>
    <ClInclude Include="Components\AI\FallingAIComponent.h">
      <Filter>Header Files\AIComponents</Filter>
    </ClInclude>
    <ClInclude Include="Components\AI\FlyingAIComponent.h">
      <Filter>Header Files\AIComponents</Filter>
    </ClInclude>
    <ClInclude Include="Components\AI\PounceAIComponent.h">
      <Filter>Header Files\AIComponents</Filter>
    </ClInclude>
    <ClInclude Include="Components\AI\RandomJumperComponent.h">
      <Filter>Header Files\AIComponents</Filter>
    </ClInclude>
    <ClInclude Include="Components\AI\SnakeAIComponent.h">
      <Filter>Header Files</Filter>
    </ClInclude>
    <ClInclude Include="Components\AI\SwingingAIComponent.h">
      <Filter>Header Files</Filter>
    </ClInclude>
    <ClInclude Include="Components\AI\TrackerComponent.h">
      <Filter>Header Files\AIComponents</Filter>
    </ClInclude>
    <ClInclude Include="GameObject\Builders\EnemyBuilder.h">
      <Filter>Header Files\Entity Headers</Filter>
    </ClInclude>
    <ClInclude Include="GameObject\Builders\GameObjectBuilder.h">
      <Filter>Header Files\Entity Headers</Filter>
    </ClInclude>
    <ClInclude Include="GameObject\Builders\ItemDropBuilder.h">
      <Filter>Header Files\Entity Headers</Filter>
    </ClInclude>
    <ClInclude Include="GameObject\Builders\PlayerHookBuilder.h">
      <Filter>Header Files</Filter>
    </ClInclude>
    <ClInclude Include="GameObject\Builders\PlayerProjectileBuilder.h">
      <Filter>Header Files\Entity Headers</Filter>
    </ClInclude>
    <ClInclude Include="GameObject\Builders\TileBuilder.h">
      <Filter>Header Files\Entity Headers</Filter>
    </ClInclude>
    <ClInclude Include="GameObject\GameObject.h">
      <Filter>Header Files\Entity Headers</Filter>
    </ClInclude>
    <ClInclude Include="Game\Controls.h">
      <Filter>Header Files</Filter>
    </ClInclude>
    <ClInclude Include="Game\GameConstants.h">
      <Filter>Header Files</Filter>
    </ClInclude>
    <ClInclude Include="Game\GameTime.h">
      <Filter>Header Files</Filter>
    </ClInclude>
    <ClInclude Include="Level\LevelMap.h">
      <Filter>Header Files</Filter>
    </ClInclude>
    <ClInclude Include="Level\LevelManager.h">
      <Filter>Header Files</Filter>
    </ClInclude>
    <ClInclude Include="Level\LevelLoader.h">
      <Filter>Header Files</Filter>
    </ClInclude>
    <ClInclude Include="Level\Level.h">
      <Filter>Header Files</Filter>
    </ClInclude>
    <ClInclude Include="Components\Events\CollisionEvent.h">
      <Filter>Header Files</Filter>
    </ClInclude>
    <ClInclude Include="Components\Component.h">
      <Filter>Header Files\Component Class Headers</Filter>
    </ClInclude>
    <ClInclude Include="Components\UpdatingComponent.h">
      <Filter>Header Files\Component Class Headers</Filter>
    </ClInclude>
    <ClInclude Include="Components\NonUpdatingComponent.h">
      <Filter>Header Files\Component Class Headers</Filter>
    </ClInclude>
    <ClInclude Include="Components\InputComponent.h">
      <Filter>Header Files</Filter>
    </ClInclude>
    <ClInclude Include="Components\Events\ComponentEvent.h">
      <Filter>Header Files</Filter>
    </ClInclude>
    <ClInclude Include="ComponentSystem\ComponentSubsystem.h">
      <Filter>Header Files</Filter>
    </ClInclude>
    <ClInclude Include="ComponentSystem\ComponentSystem.h">
      <Filter>Header Files</Filter>
    </ClInclude>
    <ClInclude Include="ComponentSystem\InputSystem.h">
      <Filter>Header Files</Filter>
    </ClInclude>
    <ClInclude Include="ComponentSystem\RenderSystem.h">
      <Filter>Header Files</Filter>
    </ClInclude>
    <ClInclude Include="Components\Player\LevelChangeComponent.h">
      <Filter>Header Files\Component Class Headers</Filter>
    </ClInclude>
    <ClInclude Include="Components\Player\PlayerComponent.h">
      <Filter>Header Files\Component Class Headers</Filter>
    </ClInclude>
    <ClInclude Include="Components\Player\PlayerControlComponent.h">
      <Filter>Header Files</Filter>
    </ClInclude>
    <ClInclude Include="Components\Player\Attack\AimState.h">
      <Filter>Header Files</Filter>
    </ClInclude>
    <ClInclude Include="Components\Player\Attack\AimUpState.h">
      <Filter>Header Files</Filter>
    </ClInclude>
    <ClInclude Include="Components\Player\Attack\DefaultAimState.h">
      <Filter>Header Files</Filter>
    </ClInclude>
    <ClInclude Include="Components\Player\Attack\PlayerAimState.h">
      <Filter>Header Files</Filter>
    </ClInclude>
    <ClInclude Include="Components\Player\Attack\PlayerAttackState.h">
      <Filter>Header Files\Component Class Headers</Filter>
    </ClInclude>
    <ClInclude Include="Components\Player\Movement\AirborneState.h">
      <Filter>Header Files\Player State Headers</Filter>
    </ClInclude>
    <ClInclude Include="Components\Player\Movement\FlyingState.h">
      <Filter>Header Files\Player State Headers</Filter>
    </ClInclude>
    <ClInclude Include="Components\Player\Movement\PlayerMovementState.h">
      <Filter>Header Files\Component Class Headers</Filter>
    </ClInclude>
    <ClInclude Include="Components\Player\Movement\WalkingState.h">
      <Filter>Header Files\Player State Headers</Filter>
    </ClInclude>
    <ClInclude Include="Components\Player\Movement\StunState.h">
      <Filter>Header Files\Player State Headers</Filter>
    </ClInclude>
    <ClInclude Include="Components\Player\Movement\PlayerState.h">
      <Filter>Header Files\Player State Headers</Filter>
    </ClInclude>
    <ClInclude Include="Components\Player\Attack\PlayerHookState.h">
      <Filter>Header Files</Filter>
    </ClInclude>
    <ClInclude Include="Components\Physics\PhysicsComponent.h">
      <Filter>Header Files\Component Class Headers</Filter>
    </ClInclude>
    <ClInclude Include="Components\Collider\ColliderComponent.h">
      <Filter>Header Files\Component Class Headers</Filter>
    </ClInclude>
    <ClInclude Include="GameObject\TileArrangement.h">
      <Filter>Header Files\Struct Headers</Filter>
    </ClInclude>
    <ClInclude Include="Components\Tile\TileComponent.h">
      <Filter>Header Files\Component Class Headers</Filter>
    </ClInclude>
    <ClInclude Include="Components\ItemDrop\PickupComponent.h">
      <Filter>Header Files\Component Class Headers</Filter>
    </ClInclude>
  </ItemGroup>
</Project>